github.com/ch4og/telegram-bot-api/v5 v5.5.2 h1:QmXMOVZRUiyftqEctDux+bMfrkJJeO4FZi/snB/chzA=
github.com/ch4og/telegram-bot-api/v5 v5.5.2/go.mod h1:kVtcqQu9lHCujc9ENknxB4Ifg+jJbN5nSgJ/x42KOfE=
github.com/fortytw2/leaktest v1.3.0/go.mod h1:jDsjWgpAGjm2CA7WthBh/CdZYEPF31XHquHwclZch5g=
github.com/go-telegram-bot-api/telegram-bot-api/v5 v5.5.1 h1:wG8n/XJQ07TmjbITcGiUaOtXxdrINDz1b0J1w0SzqDc=
github.com/go-telegram-bot-api/telegram-bot-api/v5 v5.5.1/go.mod h1:A2S0CWkNylc2phvKXWBBdD3K0iGnDBGbzRpISP2zBl8=
github.com/joho/godotenv v1.5.1 h1:7eLL/+HRGLY0ldzfGMeQkb7vMd0as4CfYvUVzLqw0N0=
github.com/joho/godotenv v1.5.1/go.mod h1:f4LDr5Voq0i2e/R5DDNOoa2zzDfwtkZa6DnEwAbqwq4=
github.com/wader/goutubedl v0.0.0-20240717182040-5d7e2d8fc446 h1:LfllY2qXdVbDXp80MHIRaagxXmLyem/g+L6VG6YnK+A=
github.com/wader/goutubedl v0.0.0-20240717182040-5d7e2d8fc446/go.mod h1:5KXd5tImdbmz4JoVhePtbIokCwAfEhUVVx3WLHmjYuw=
github.com/wader/osleaktest v0.0.0-20191111175233-f643b0fed071/go.mod h1:XD6emOFPHVzb0+qQpiNOdPL2XZ0SRUM0N5JHuq6OmXo=
